
Microsoft Visual Studio Solution File, Format Version 12.00
# Visual Studio Version 17
VisualStudioVersion = 17.4.33213.308
MinimumVisualStudioVersion = 10.0.40219.1
Project("{8BC9CEB8-8B4A-11D0-8D11-00A0C91BC942}") = "找最小值", "找最小值\找最小值.vcxproj", "{62F65205-D082-4843-B147-64C4190D428F}"
EndProject
Global
	GlobalSection(SolutionConfigurationPlatforms) = preSolution
		Debug|x64 = Debug|x64
		Debug|x86 = Debug|x86
		Release|x64 = Release|x64
		Release|x86 = Release|x86
	EndGlobalSection
	GlobalSection(ProjectConfigurationPlatforms) = postSolution
		{62F65205-D082-4843-B147-64C4190D428F}.Debug|x64.ActiveCfg = Debug|x64
		{62F65205-D082-4843-B147-64C4190D428F}.Debug|x64.Build.0 = Debug|x64
		{62F65205-D082-4843-B147-64C4190D428F}.Debug|x86.ActiveCfg = Debug|Win32
		{62F65205-D082-4843-B147-64C4190D428F}.Debug|x86.Build.0 = Debug|Win32
		{62F65205-D082-4843-B147-64C4190D428F}.Release|x64.ActiveCfg = Release|x64
		{62F65205-D082-4843-B147-64C4190D428F}.Release|x64.Build.0 = Release|x64
		{62F65205-D082-4843-B147-64C4190D428F}.Release|x86.ActiveCfg = Release|Win32
		{62F65205-D082-4843-B147-64C4190D428F}.Release|x86.Build.0 = Release|Win32
	EndGlobalSection
	GlobalSection(SolutionProperties) = preSolution
		HideSolutionNode = FALSE
	EndGlobalSection
	GlobalSection(ExtensibilityGlobals) = postSolution
		SolutionGuid = {1E29FCC6-5044-4FC0-90EA-82DA7129C1A6}
	EndGlobalSection
EndGlobal
